
Microsoft Visual Studio Solution File, Format Version 12.00
# Visual Studio 15
Project("{FAE04EC0-301F-11D3-BF4B-00C04F79EFBC}") = "XamlSamples.Android", "XamlSamples.Android\XamlSamples.Android.csproj", "{B417D579-97FE-4604-8821-0EB843F8A05B}"
EndProject
Project("{FAE04EC0-301F-11D3-BF4B-00C04F79EFBC}") = "XamlSamples.iOS", "XamlSamples.iOS\XamlSamples.iOS.csproj", "{1FF38BCB-038C-42D1-A7F0-DFF024F370F4}"
EndProject
Project("{FAE04EC0-301F-11D3-BF4B-00C04F79EFBC}") = "XamlSamples", "XamlSamples\XamlSamples.csproj", "{E4F40FB9-01BC-4BFF-A95E-D40EEDD507AA}"
EndProject
Global
	GlobalSection(SolutionConfigurationPlatforms) = preSolution
		Debug|Any CPU = Debug|Any CPU
		Release|Any CPU = Release|Any CPU
		Debug|iPhoneSimulator = Debug|iPhoneSimulator
		Release|iPhoneSimulator = Release|iPhoneSimulator
		Debug|iPhone = Debug|iPhone
		Release|iPhone = Release|iPhone
	EndGlobalSection
	GlobalSection(ProjectConfigurationPlatforms) = postSolution
		{B417D579-97FE-4604-8821-0EB843F8A05B}.Debug|Any CPU.ActiveCfg = Debug|Any CPU
		{B417D579-97FE-4604-8821-0EB843F8A05B}.Debug|Any CPU.Build.0 = Debug|Any CPU
		{B417D579-97FE-4604-8821-0EB843F8A05B}.Release|Any CPU.ActiveCfg = Release|Any CPU
		{B417D579-97FE-4604-8821-0EB843F8A05B}.Release|Any CPU.Build.0 = Release|Any CPU
		{B417D579-97FE-4604-8821-0EB843F8A05B}.Debug|iPhoneSimulator.ActiveCfg = Debug|Any CPU
		{B417D579-97FE-4604-8821-0EB843F8A05B}.Debug|iPhoneSimulator.Build.0 = Debug|Any CPU
		{B417D579-97FE-4604-8821-0EB843F8A05B}.Release|iPhoneSimulator.ActiveCfg = Release|Any CPU
		{B417D579-97FE-4604-8821-0EB843F8A05B}.Release|iPhoneSimulator.Build.0 = Release|Any CPU
		{B417D579-97FE-4604-8821-0EB843F8A05B}.Debug|iPhone.ActiveCfg = Debug|Any CPU
		{B417D579-97FE-4604-8821-0EB843F8A05B}.Debug|iPhone.Build.0 = Debug|Any CPU
		{B417D579-97FE-4604-8821-0EB843F8A05B}.Release|iPhone.ActiveCfg = Release|Any CPU
		{B417D579-97FE-4604-8821-0EB843F8A05B}.Release|iPhone.Build.0 = Release|Any CPU
		{1FF38BCB-038C-42D1-A7F0-DFF024F370F4}.Debug|Any CPU.ActiveCfg = Debug|iPhoneSimulator
		{1FF38BCB-038C-42D1-A7F0-DFF024F370F4}.Debug|Any CPU.Build.0 = Debug|iPhoneSimulator
		{1FF38BCB-038C-42D1-A7F0-DFF024F370F4}.Release|Any CPU.ActiveCfg = Release|iPhoneSimulator
		{1FF38BCB-038C-42D1-A7F0-DFF024F370F4}.Release|Any CPU.Build.0 = Release|iPhoneSimulator
		{1FF38BCB-038C-42D1-A7F0-DFF024F370F4}.Debug|iPhoneSimulator.ActiveCfg = Debug|iPhoneSimulator
		{1FF38BCB-038C-42D1-A7F0-DFF024F370F4}.Debug|iPhoneSimulator.Build.0 = Debug|iPhoneSimulator
		{1FF38BCB-038C-42D1-A7F0-DFF024F370F4}.Release|iPhoneSimulator.ActiveCfg = Release|iPhoneSimulator
		{1FF38BCB-038C-42D1-A7F0-DFF024F370F4}.Release|iPhoneSimulator.Build.0 = Release|iPhoneSimulator
		{1FF38BCB-038C-42D1-A7F0-DFF024F370F4}.Debug|iPhone.ActiveCfg = Debug|iPhone
		{1FF38BCB-038C-42D1-A7F0-DFF024F370F4}.Debug|iPhone.Build.0 = Debug|iPhone
		{1FF38BCB-038C-42D1-A7F0-DFF024F370F4}.Release|iPhone.ActiveCfg = Release|iPhone
		{1FF38BCB-038C-42D1-A7F0-DFF024F370F4}.Release|iPhone.Build.0 = Release|iPhone
		{E4F40FB9-01BC-4BFF-A95E-D40EEDD507AA}.Debug|Any CPU.ActiveCfg = Debug|Any CPU
		{E4F40FB9-01BC-4BFF-A95E-D40EEDD507AA}.Debug|Any CPU.Build.0 = Debug|Any CPU
		{E4F40FB9-01BC-4BFF-A95E-D40EEDD507AA}.Release|Any CPU.ActiveCfg = Release|Any CPU
		{E4F40FB9-01BC-4BFF-A95E-D40EEDD507AA}.Release|Any CPU.Build.0 = Release|Any CPU
		{E4F40FB9-01BC-4BFF-A95E-D40EEDD507AA}.Debug|iPhoneSimulator.ActiveCfg = Debug|Any CPU
		{E4F40FB9-01BC-4BFF-A95E-D40EEDD507AA}.Debug|iPhoneSimulator.Build.0 = Debug|Any CPU
		{E4F40FB9-01BC-4BFF-A95E-D40EEDD507AA}.Release|iPhoneSimulator.ActiveCfg = Release|Any CPU
		{E4F40FB9-01BC-4BFF-A95E-D40EEDD507AA}.Release|iPhoneSimulator.Build.0 = Release|Any CPU
		{E4F40FB9-01BC-4BFF-A95E-D40EEDD507AA}.Debug|iPhone.ActiveCfg = Debug|Any CPU
		{E4F40FB9-01BC-4BFF-A95E-D40EEDD507AA}.Debug|iPhone.Build.0 = Debug|Any CPU
		{E4F40FB9-01BC-4BFF-A95E-D40EEDD507AA}.Release|iPhone.ActiveCfg = Release|Any CPU
		{E4F40FB9-01BC-4BFF-A95E-D40EEDD507AA}.Release|iPhone.Build.0 = Release|Any CPU
	EndGlobalSection
EndGlobal
